PODS:
  - CDTDatastore (0.7.0):
    - CDTDatastore/no-arc
    - FMDB (>= 2.2)
  - CDTDatastore/no-arc (0.7.0):
    - FMDB (>= 2.2)
  - CloudantQueryObjc (0.1.0):
    - CDTDatastore (~> 0.7)
  - Expecta (0.3.1)
  - FMDB (2.4):
    - FMDB/standard
  - FMDB/common (2.4)
  - FMDB/standard (2.4):
    - FMDB/common
  - Specta (0.2.1)

DEPENDENCIES:
  - CloudantQueryObjc (from `../`)
  - Expecta
  - Specta (~> 0.2.1)

EXTERNAL SOURCES:
  CloudantQueryObjc:
    :path: ../

SPEC CHECKSUMS:
  CDTDatastore: 3dba74f8512f13943e8cd31a93d5cf47e4b8b2bb
  CloudantQueryObjc: 0bb20397fde196813df911bd5fa7ffda4fbea5f9
  Expecta: 03aabd0a89d8dea843baecb19a7fd7466a69a31d
  FMDB: 0b2fa25e5264ef177973c0cb8c02c711107979aa
  Specta: 9141310f46b1f68b676650ff2854e1ed0b74163a

COCOAPODS: 0.34.1
